
Microsoft Visual Studio Solution File, Format Version 12.00
# Visual Studio Version 17
VisualStudioVersion = 17.2.32526.322
MinimumVisualStudioVersion = 10.0.40219.1
Project("{FAE04EC0-301F-11D3-BF4B-00C04F79EFBC}") = "SdPoc", "SdPoc\SdPoc.csproj", "{176A41C8-A342-4BB0-834D-CED10244D839}"
EndProject
Project("{FAE04EC0-301F-11D3-BF4B-00C04F79EFBC}") = "Implement", "implement\Implement.csproj", "{8F0F8CE4-6DFC-4384-9089-E167762CE274}"
EndProject
Global
	GlobalSection(SolutionConfigurationPlatforms) = preSolution
		Debug|Any CPU = Debug|Any CPU
		Release|Any CPU = Release|Any CPU
	EndGlobalSection
	GlobalSection(ProjectConfigurationPlatforms) = postSolution
		{176A41C8-A342-4BB0-834D-CED10244D839}.Debug|Any CPU.ActiveCfg = Debug|Any CPU
		{176A41C8-A342-4BB0-834D-CED10244D839}.Debug|Any CPU.Build.0 = Debug|Any CPU
		{176A41C8-A342-4BB0-834D-CED10244D839}.Release|Any CPU.ActiveCfg = Release|Any CPU
		{176A41C8-A342-4BB0-834D-CED10244D839}.Release|Any CPU.Build.0 = Release|Any CPU
		{8F0F8CE4-6DFC-4384-9089-E167762CE274}.Debug|Any CPU.ActiveCfg = Debug|Any CPU
		{8F0F8CE4-6DFC-4384-9089-E167762CE274}.Debug|Any CPU.Build.0 = Debug|Any CPU
		{8F0F8CE4-6DFC-4384-9089-E167762CE274}.Release|Any CPU.ActiveCfg = Release|Any CPU
		{8F0F8CE4-6DFC-4384-9089-E167762CE274}.Release|Any CPU.Build.0 = Release|Any CPU
	EndGlobalSection
	GlobalSection(SolutionProperties) = preSolution
		HideSolutionNode = FALSE
	EndGlobalSection
	GlobalSection(ExtensibilityGlobals) = postSolution
		SolutionGuid = {F644EB5E-116F-4147-BF27-BEB4D8BB19AD}
	EndGlobalSection
EndGlobal
