
Microsoft Visual Studio Solution File, Format Version 12.00
# Visual Studio Version 16
VisualStudioVersion = 16.0.31624.102
MinimumVisualStudioVersion = 10.0.40219.1
Project("{9A19103F-16F7-4668-BE54-9A1E7A4F7556}") = "ProxyHost", "ProxyHost\ProxyHost.csproj", "{C07AC318-A893-4355-A4D6-8B1C0F41FE0F}"
EndProject
Project("{9A19103F-16F7-4668-BE54-9A1E7A4F7556}") = "Ap1", "Ap1\Ap1.csproj", "{C0F180E0-382B-4E5A-91D7-73D238F50B84}"
EndProject
Project("{FAE04EC0-301F-11D3-BF4B-00C04F79EFBC}") = "GeneralAgency", "GeneralAgency\GeneralAgency.csproj", "{63F0CCA9-E213-4019-A604-223BF2D6B1BA}"
EndProject
Global
	GlobalSection(SolutionConfigurationPlatforms) = preSolution
		Debug|Any CPU = Debug|Any CPU
		Release|Any CPU = Release|Any CPU
	EndGlobalSection
	GlobalSection(ProjectConfigurationPlatforms) = postSolution
		{C07AC318-A893-4355-A4D6-8B1C0F41FE0F}.Debug|Any CPU.ActiveCfg = Debug|Any CPU
		{C07AC318-A893-4355-A4D6-8B1C0F41FE0F}.Debug|Any CPU.Build.0 = Debug|Any CPU
		{C07AC318-A893-4355-A4D6-8B1C0F41FE0F}.Release|Any CPU.ActiveCfg = Release|Any CPU
		{C07AC318-A893-4355-A4D6-8B1C0F41FE0F}.Release|Any CPU.Build.0 = Release|Any CPU
		{C0F180E0-382B-4E5A-91D7-73D238F50B84}.Debug|Any CPU.ActiveCfg = Debug|Any CPU
		{C0F180E0-382B-4E5A-91D7-73D238F50B84}.Debug|Any CPU.Build.0 = Debug|Any CPU
		{C0F180E0-382B-4E5A-91D7-73D238F50B84}.Release|Any CPU.ActiveCfg = Release|Any CPU
		{C0F180E0-382B-4E5A-91D7-73D238F50B84}.Release|Any CPU.Build.0 = Release|Any CPU
		{63F0CCA9-E213-4019-A604-223BF2D6B1BA}.Debug|Any CPU.ActiveCfg = Debug|Any CPU
		{63F0CCA9-E213-4019-A604-223BF2D6B1BA}.Debug|Any CPU.Build.0 = Debug|Any CPU
		{63F0CCA9-E213-4019-A604-223BF2D6B1BA}.Release|Any CPU.ActiveCfg = Release|Any CPU
		{63F0CCA9-E213-4019-A604-223BF2D6B1BA}.Release|Any CPU.Build.0 = Release|Any CPU
	EndGlobalSection
	GlobalSection(SolutionProperties) = preSolution
		HideSolutionNode = FALSE
	EndGlobalSection
	GlobalSection(ExtensibilityGlobals) = postSolution
		SolutionGuid = {8951C4FB-14B2-4177-94F3-12B2FC37BF2F}
	EndGlobalSection
EndGlobal
